
Microsoft Visual Studio Solution File, Format Version 12.00
# Visual Studio Version 17
VisualStudioVersion = 17.14.36518.9
MinimumVisualStudioVersion = 10.0.40219.1
Project("{FAE04EC0-301F-11D3-BF4B-00C04F79EFBC}") = "BANKSYSTEMWINDOWSFORMS", "BANKSYSTEMWINDOWSFORMS.csproj", "{4CAFDB55-FEDC-47F2-9DFF-025910EF963E}"
EndProject
Project("{2150E333-8FDC-42A3-9474-1A3956D46DE8}") = "Data", "Data", "{02EA681E-C7D8-13C7-8484-4AC65E1B71E8}"
	ProjectSection(SolutionItems) = preProject
		ClsCustomerData.cs = ClsCustomerData.cs
		ClsRolesData.cs = ClsRolesData.cs
	EndProjectSection
EndProject
Project("{2150E333-8FDC-42A3-9474-1A3956D46DE8}") = "Business", "Business", "{01BBAF29-F1BA-417C-A237-06996D9B73F8}"
	ProjectSection(SolutionItems) = preProject
		ClsCustomer.cs = ClsCustomer.cs
		ClsRoles.cs = ClsRoles.cs
	EndProjectSection
EndProject
Project("{2150E333-8FDC-42A3-9474-1A3956D46DE8}") = "Éléments de solution", "Éléments de solution", "{9C8CB701-102D-CF49-A3E0-89AC09D42C2C}"
EndProject
Global
	GlobalSection(SolutionConfigurationPlatforms) = preSolution
		Debug|Any CPU = Debug|Any CPU
		Release|Any CPU = Release|Any CPU
	EndGlobalSection
	GlobalSection(ProjectConfigurationPlatforms) = postSolution
		{4CAFDB55-FEDC-47F2-9DFF-025910EF963E}.Debug|Any CPU.ActiveCfg = Debug|Any CPU
		{4CAFDB55-FEDC-47F2-9DFF-025910EF963E}.Debug|Any CPU.Build.0 = Debug|Any CPU
		{4CAFDB55-FEDC-47F2-9DFF-025910EF963E}.Release|Any CPU.ActiveCfg = Release|Any CPU
		{4CAFDB55-FEDC-47F2-9DFF-025910EF963E}.Release|Any CPU.Build.0 = Release|Any CPU
	EndGlobalSection
	GlobalSection(SolutionProperties) = preSolution
		HideSolutionNode = FALSE
	EndGlobalSection
	GlobalSection(ExtensibilityGlobals) = postSolution
		SolutionGuid = {7E8EE7B1-904B-4537-A156-6E795B34D911}
	EndGlobalSection
EndGlobal
